
Microsoft Visual Studio Solution File, Format Version 12.00
# Visual Studio 2012
Project("{FAE04EC0-301F-11D3-BF4B-00C04F79EFBC}") = "Qonfig", "Qonfig.csproj", "{138D04CC-6364-40A1-A8DC-6F3276B9DD68}"
EndProject
Global
	GlobalSection(SolutionConfigurationPlatforms) = preSolution
		Debug|Any CPU = Debug|Any CPU
		Release|Any CPU = Release|Any CPU
		RemoteDebug|Any CPU = RemoteDebug|Any CPU
	EndGlobalSection
	GlobalSection(ProjectConfigurationPlatforms) = postSolution
		{138D04CC-6364-40A1-A8DC-6F3276B9DD68}.Debug|Any CPU.ActiveCfg = Debug|Any CPU
		{138D04CC-6364-40A1-A8DC-6F3276B9DD68}.Debug|Any CPU.Build.0 = Debug|Any CPU
		{138D04CC-6364-40A1-A8DC-6F3276B9DD68}.Release|Any CPU.ActiveCfg = Release|Any CPU
		{138D04CC-6364-40A1-A8DC-6F3276B9DD68}.Release|Any CPU.Build.0 = Release|Any CPU
		{138D04CC-6364-40A1-A8DC-6F3276B9DD68}.RemoteDebug|Any CPU.ActiveCfg = RemoteDebug|Any CPU
		{138D04CC-6364-40A1-A8DC-6F3276B9DD68}.RemoteDebug|Any CPU.Build.0 = RemoteDebug|Any CPU
	EndGlobalSection
	GlobalSection(SolutionProperties) = preSolution
		HideSolutionNode = FALSE
	EndGlobalSection
EndGlobal
